
Microsoft Visual Studio Solution File, Format Version 12.00
# Visual Studio Version 16
VisualStudioVersion = 16.0.32002.261
MinimumVisualStudioVersion = 10.0.40219.1
Project("{FAE04EC0-301F-11D3-BF4B-00C04F79EFBC}") = "CFRegistration", "CFRegistration\CFRegistration.csproj", "{5BD0DAC2-8CDB-4AB8-8A0C-D299427FAEBC}"
EndProject
Global
	GlobalSection(SolutionConfigurationPlatforms) = preSolution
		Debug|Any CPU = Debug|Any CPU
		Release|Any CPU = Release|Any CPU
	EndGlobalSection
	GlobalSection(ProjectConfigurationPlatforms) = postSolution
		{5BD0DAC2-8CDB-4AB8-8A0C-D299427FAEBC}.Debug|Any CPU.ActiveCfg = Debug|Any CPU
		{5BD0DAC2-8CDB-4AB8-8A0C-D299427FAEBC}.Debug|Any CPU.Build.0 = Debug|Any CPU
		{5BD0DAC2-8CDB-4AB8-8A0C-D299427FAEBC}.Release|Any CPU.ActiveCfg = Release|Any CPU
		{5BD0DAC2-8CDB-4AB8-8A0C-D299427FAEBC}.Release|Any CPU.Build.0 = Release|Any CPU
	EndGlobalSection
	GlobalSection(SolutionProperties) = preSolution
		HideSolutionNode = FALSE
	EndGlobalSection
	GlobalSection(ExtensibilityGlobals) = postSolution
		SolutionGuid = {00D986B2-6819-4F82-B94A-E1CE8EC011C8}
	EndGlobalSection
EndGlobal
